
Microsoft Visual Studio Solution File, Format Version 12.00
# Visual Studio 15
VisualStudioVersion = 15.0.27703.2042
MinimumVisualStudioVersion = 10.0.40219.1
Project("{FAE04EC0-301F-11D3-BF4B-00C04F79EFBC}") = "WPFApplication", "WPFApplication\WPFApplication.csproj", "{3467C89B-F900-4837-8CD8-ED9F6DCE1B66}"
EndProject
Project("{FAE04EC0-301F-11D3-BF4B-00C04F79EFBC}") = "BusinessLogic", "BusinessLogic\BusinessLogic.csproj", "{90BC2271-CBD9-48C9-9A2A-1D32CAA58C08}"
EndProject
Project("{FAE04EC0-301F-11D3-BF4B-00C04F79EFBC}") = "ConsoleApplication", "ConsoleApplication\ConsoleApplication.csproj", "{D456EFFD-9769-40C7-840C-986E72FB0AA4}"
EndProject
Project("{FAE04EC0-301F-11D3-BF4B-00C04F79EFBC}") = "UnitTests", "Tests\UnitTests\UnitTests.csproj", "{C602A058-8DD7-43A8-BF87-96ECDB9B2AFD}"
EndProject
Project("{FAE04EC0-301F-11D3-BF4B-00C04F79EFBC}") = "LibraryForTests", "Tests\LibraryForTests\LibraryForTests.csproj", "{20BA730E-7E38-45E4-B609-043BC7DDA5F0}"
EndProject
Project("{FAE04EC0-301F-11D3-BF4B-00C04F79EFBC}") = "WPFPathLoader", "PathLoaders\WPFPathLoader\WPFPathLoader.csproj", "{493A516D-4076-4368-B8AA-B6C0E6A44E9A}"
EndProject
Project("{FAE04EC0-301F-11D3-BF4B-00C04F79EFBC}") = "ConsolePathLoader", "PathLoaders\ConsolePathLoader\ConsolePathLoader.csproj", "{BA20F5B5-C2DA-473E-A0C2-8FF6263AA84E}"
EndProject
Project("{FAE04EC0-301F-11D3-BF4B-00C04F79EFBC}") = "BaseLoggerFactory", "Loggers\BaseLoggerFactory\BaseLoggerFactory.csproj", "{7FC77231-CBFC-44C3-842C-75F5C3CBAE5B}"
EndProject
Project("{2150E333-8FDC-42A3-9474-1A3956D46DE8}") = "Loggers", "Loggers", "{854BD573-42F1-4047-BA20-3A7C6BF65E24}"
EndProject
Project("{2150E333-8FDC-42A3-9474-1A3956D46DE8}") = "Tests", "Tests", "{9A84D332-96BA-4431-805F-2CE082300BC7}"
EndProject
Project("{2150E333-8FDC-42A3-9474-1A3956D46DE8}") = "PathLoaders", "PathLoaders", "{A4F7DD1A-0E0D-4617-9EE9-C543DC5D5573}"
EndProject
Project("{FAE04EC0-301F-11D3-BF4B-00C04F79EFBC}") = "FileData", "FileData\FileData.csproj", "{508921D6-7DDC-4434-9F90-5C72644AF9E4}"
EndProject
Project("{FAE04EC0-301F-11D3-BF4B-00C04F79EFBC}") = "DBData", "DBData\DBData.csproj", "{85D3BCEA-8A14-47B9-9D94-F2AB049F54D3}"
EndProject
Project("{FAE04EC0-301F-11D3-BF4B-00C04F79EFBC}") = "MEF", "MEF\MEF.csproj", "{930D0A86-922D-444F-9BA4-1D3F476C906D}"
EndProject
Project("{FAE04EC0-301F-11D3-BF4B-00C04F79EFBC}") = "ViewModels", "ViewModels\ViewModels.csproj", "{1CF1CFD7-ACFD-453F-9E75-E15EFB30C1BB}"
EndProject
Project("{FAE04EC0-301F-11D3-BF4B-00C04F79EFBC}") = "WPFDisplayInformation", "WPFDisplayInformation\WPFDisplayInformation.csproj", "{DE7FBBB6-93A4-4883-A1E8-0225C29F04B6}"
EndProject
Project("{FAE04EC0-301F-11D3-BF4B-00C04F79EFBC}") = "DataLayer", "DataLayer\DataLayer.csproj", "{370C4201-A28B-442D-9C2A-3AC304159985}"
EndProject
Global
	GlobalSection(SolutionConfigurationPlatforms) = preSolution
		Debug|Any CPU = Debug|Any CPU
		Release|Any CPU = Release|Any CPU
	EndGlobalSection
	GlobalSection(ProjectConfigurationPlatforms) = postSolution
		{3467C89B-F900-4837-8CD8-ED9F6DCE1B66}.Debug|Any CPU.ActiveCfg = Debug|Any CPU
		{3467C89B-F900-4837-8CD8-ED9F6DCE1B66}.Debug|Any CPU.Build.0 = Debug|Any CPU
		{3467C89B-F900-4837-8CD8-ED9F6DCE1B66}.Release|Any CPU.ActiveCfg = Release|Any CPU
		{3467C89B-F900-4837-8CD8-ED9F6DCE1B66}.Release|Any CPU.Build.0 = Release|Any CPU
		{90BC2271-CBD9-48C9-9A2A-1D32CAA58C08}.Debug|Any CPU.ActiveCfg = Debug|Any CPU
		{90BC2271-CBD9-48C9-9A2A-1D32CAA58C08}.Debug|Any CPU.Build.0 = Debug|Any CPU
		{90BC2271-CBD9-48C9-9A2A-1D32CAA58C08}.Release|Any CPU.ActiveCfg = Release|Any CPU
		{90BC2271-CBD9-48C9-9A2A-1D32CAA58C08}.Release|Any CPU.Build.0 = Release|Any CPU
		{D456EFFD-9769-40C7-840C-986E72FB0AA4}.Debug|Any CPU.ActiveCfg = Debug|Any CPU
		{D456EFFD-9769-40C7-840C-986E72FB0AA4}.Debug|Any CPU.Build.0 = Debug|Any CPU
		{D456EFFD-9769-40C7-840C-986E72FB0AA4}.Release|Any CPU.ActiveCfg = Release|Any CPU
		{D456EFFD-9769-40C7-840C-986E72FB0AA4}.Release|Any CPU.Build.0 = Release|Any CPU
		{C602A058-8DD7-43A8-BF87-96ECDB9B2AFD}.Debug|Any CPU.ActiveCfg = Debug|Any CPU
		{C602A058-8DD7-43A8-BF87-96ECDB9B2AFD}.Debug|Any CPU.Build.0 = Debug|Any CPU
		{C602A058-8DD7-43A8-BF87-96ECDB9B2AFD}.Release|Any CPU.ActiveCfg = Release|Any CPU
		{C602A058-8DD7-43A8-BF87-96ECDB9B2AFD}.Release|Any CPU.Build.0 = Release|Any CPU
		{20BA730E-7E38-45E4-B609-043BC7DDA5F0}.Debug|Any CPU.ActiveCfg = Debug|Any CPU
		{20BA730E-7E38-45E4-B609-043BC7DDA5F0}.Debug|Any CPU.Build.0 = Debug|Any CPU
		{20BA730E-7E38-45E4-B609-043BC7DDA5F0}.Release|Any CPU.ActiveCfg = Release|Any CPU
		{20BA730E-7E38-45E4-B609-043BC7DDA5F0}.Release|Any CPU.Build.0 = Release|Any CPU
		{493A516D-4076-4368-B8AA-B6C0E6A44E9A}.Debug|Any CPU.ActiveCfg = Debug|Any CPU
		{493A516D-4076-4368-B8AA-B6C0E6A44E9A}.Debug|Any CPU.Build.0 = Debug|Any CPU
		{493A516D-4076-4368-B8AA-B6C0E6A44E9A}.Release|Any CPU.ActiveCfg = Release|Any CPU
		{493A516D-4076-4368-B8AA-B6C0E6A44E9A}.Release|Any CPU.Build.0 = Release|Any CPU
		{BA20F5B5-C2DA-473E-A0C2-8FF6263AA84E}.Debug|Any CPU.ActiveCfg = Debug|Any CPU
		{BA20F5B5-C2DA-473E-A0C2-8FF6263AA84E}.Debug|Any CPU.Build.0 = Debug|Any CPU
		{BA20F5B5-C2DA-473E-A0C2-8FF6263AA84E}.Release|Any CPU.ActiveCfg = Release|Any CPU
		{BA20F5B5-C2DA-473E-A0C2-8FF6263AA84E}.Release|Any CPU.Build.0 = Release|Any CPU
		{7FC77231-CBFC-44C3-842C-75F5C3CBAE5B}.Debug|Any CPU.ActiveCfg = Debug|Any CPU
		{7FC77231-CBFC-44C3-842C-75F5C3CBAE5B}.Debug|Any CPU.Build.0 = Debug|Any CPU
		{7FC77231-CBFC-44C3-842C-75F5C3CBAE5B}.Release|Any CPU.ActiveCfg = Release|Any CPU
		{7FC77231-CBFC-44C3-842C-75F5C3CBAE5B}.Release|Any CPU.Build.0 = Release|Any CPU
		{508921D6-7DDC-4434-9F90-5C72644AF9E4}.Debug|Any CPU.ActiveCfg = Debug|Any CPU
		{508921D6-7DDC-4434-9F90-5C72644AF9E4}.Debug|Any CPU.Build.0 = Debug|Any CPU
		{508921D6-7DDC-4434-9F90-5C72644AF9E4}.Release|Any CPU.ActiveCfg = Release|Any CPU
		{508921D6-7DDC-4434-9F90-5C72644AF9E4}.Release|Any CPU.Build.0 = Release|Any CPU
		{85D3BCEA-8A14-47B9-9D94-F2AB049F54D3}.Debug|Any CPU.ActiveCfg = Debug|Any CPU
		{85D3BCEA-8A14-47B9-9D94-F2AB049F54D3}.Debug|Any CPU.Build.0 = Debug|Any CPU
		{85D3BCEA-8A14-47B9-9D94-F2AB049F54D3}.Release|Any CPU.ActiveCfg = Release|Any CPU
		{85D3BCEA-8A14-47B9-9D94-F2AB049F54D3}.Release|Any CPU.Build.0 = Release|Any CPU
		{930D0A86-922D-444F-9BA4-1D3F476C906D}.Debug|Any CPU.ActiveCfg = Debug|Any CPU
		{930D0A86-922D-444F-9BA4-1D3F476C906D}.Debug|Any CPU.Build.0 = Debug|Any CPU
		{930D0A86-922D-444F-9BA4-1D3F476C906D}.Release|Any CPU.ActiveCfg = Release|Any CPU
		{930D0A86-922D-444F-9BA4-1D3F476C906D}.Release|Any CPU.Build.0 = Release|Any CPU
		{1CF1CFD7-ACFD-453F-9E75-E15EFB30C1BB}.Debug|Any CPU.ActiveCfg = Debug|Any CPU
		{1CF1CFD7-ACFD-453F-9E75-E15EFB30C1BB}.Debug|Any CPU.Build.0 = Debug|Any CPU
		{1CF1CFD7-ACFD-453F-9E75-E15EFB30C1BB}.Release|Any CPU.ActiveCfg = Release|Any CPU
		{1CF1CFD7-ACFD-453F-9E75-E15EFB30C1BB}.Release|Any CPU.Build.0 = Release|Any CPU
		{DE7FBBB6-93A4-4883-A1E8-0225C29F04B6}.Debug|Any CPU.ActiveCfg = Debug|Any CPU
		{DE7FBBB6-93A4-4883-A1E8-0225C29F04B6}.Debug|Any CPU.Build.0 = Debug|Any CPU
		{DE7FBBB6-93A4-4883-A1E8-0225C29F04B6}.Release|Any CPU.ActiveCfg = Release|Any CPU
		{DE7FBBB6-93A4-4883-A1E8-0225C29F04B6}.Release|Any CPU.Build.0 = Release|Any CPU
		{370C4201-A28B-442D-9C2A-3AC304159985}.Debug|Any CPU.ActiveCfg = Debug|Any CPU
		{370C4201-A28B-442D-9C2A-3AC304159985}.Debug|Any CPU.Build.0 = Debug|Any CPU
		{370C4201-A28B-442D-9C2A-3AC304159985}.Release|Any CPU.ActiveCfg = Release|Any CPU
		{370C4201-A28B-442D-9C2A-3AC304159985}.Release|Any CPU.Build.0 = Release|Any CPU
	EndGlobalSection
	GlobalSection(SolutionProperties) = preSolution
		HideSolutionNode = FALSE
	EndGlobalSection
	GlobalSection(NestedProjects) = preSolution
		{C602A058-8DD7-43A8-BF87-96ECDB9B2AFD} = {9A84D332-96BA-4431-805F-2CE082300BC7}
		{20BA730E-7E38-45E4-B609-043BC7DDA5F0} = {9A84D332-96BA-4431-805F-2CE082300BC7}
		{493A516D-4076-4368-B8AA-B6C0E6A44E9A} = {A4F7DD1A-0E0D-4617-9EE9-C543DC5D5573}
		{BA20F5B5-C2DA-473E-A0C2-8FF6263AA84E} = {A4F7DD1A-0E0D-4617-9EE9-C543DC5D5573}
		{7FC77231-CBFC-44C3-842C-75F5C3CBAE5B} = {854BD573-42F1-4047-BA20-3A7C6BF65E24}
	EndGlobalSection
	GlobalSection(ExtensibilityGlobals) = postSolution
		SolutionGuid = {85E0C0BF-755E-41F7-8909-DC2E3125D7D6}
	EndGlobalSection
EndGlobal
